
Microsoft Visual Studio Solution File, Format Version 12.00
# Visual Studio Version 17
VisualStudioVersion = 17.10.34916.146
MinimumVisualStudioVersion = 10.0.40219.1
Project("{FAE04EC0-301F-11D3-BF4B-00C04F79EFBC}") = "Desktop-Controller", "Desktop-Controller\Desktop-Controller.csproj", "{3B965BC1-CE3A-4B78-BCBD-EFC5E94134D2}"
EndProject
Project("{2150E333-8FDC-42A3-9474-1A3956D46DE8}") = "Images", "Images", "{120DE2ED-A4FB-44AB-B048-C29CF4EAC206}"
	ProjectSection(SolutionItems) = preProject
		..\..\..\..\Downloads\icons8-chevron-down-100.png = ..\..\..\..\Downloads\icons8-chevron-down-100.png
		..\..\..\..\Downloads\icons8-chevron-up-96.png = ..\..\..\..\Downloads\icons8-chevron-up-96.png
		..\..\..\..\Downloads\icons8-rotate-64.png = ..\..\..\..\Downloads\icons8-rotate-64.png
		..\..\..\..\Downloads\icons8-rotate-right-64.png = ..\..\..\..\Downloads\icons8-rotate-right-64.png
	EndProjectSection
EndProject
Global
	GlobalSection(SolutionConfigurationPlatforms) = preSolution
		Debug|Any CPU = Debug|Any CPU
		Release|Any CPU = Release|Any CPU
	EndGlobalSection
	GlobalSection(ProjectConfigurationPlatforms) = postSolution
		{3B965BC1-CE3A-4B78-BCBD-EFC5E94134D2}.Debug|Any CPU.ActiveCfg = Debug|Any CPU
		{3B965BC1-CE3A-4B78-BCBD-EFC5E94134D2}.Debug|Any CPU.Build.0 = Debug|Any CPU
		{3B965BC1-CE3A-4B78-BCBD-EFC5E94134D2}.Release|Any CPU.ActiveCfg = Release|Any CPU
		{3B965BC1-CE3A-4B78-BCBD-EFC5E94134D2}.Release|Any CPU.Build.0 = Release|Any CPU
	EndGlobalSection
	GlobalSection(SolutionProperties) = preSolution
		HideSolutionNode = FALSE
	EndGlobalSection
	GlobalSection(ExtensibilityGlobals) = postSolution
		SolutionGuid = {E539A9F0-B5FA-4834-8BB4-719EFFB62451}
	EndGlobalSection
EndGlobal
